
Microsoft Visual Studio Solution File, Format Version 12.00
# Visual Studio Version 17
VisualStudioVersion = 17.6.33723.286
MinimumVisualStudioVersion = 10.0.40219.1
Project("{FAE04EC0-301F-11D3-BF4B-00C04F79EFBC}") = "agac_kaydet", "agac_kaydet\agac_kaydet.csproj", "{B55183D8-7658-46FA-A399-4133F2D6928E}"
EndProject
Global
	GlobalSection(SolutionConfigurationPlatforms) = preSolution
		Debug|Any CPU = Debug|Any CPU
		Release|Any CPU = Release|Any CPU
	EndGlobalSection
	GlobalSection(ProjectConfigurationPlatforms) = postSolution
		{B55183D8-7658-46FA-A399-4133F2D6928E}.Debug|Any CPU.ActiveCfg = Debug|Any CPU
		{B55183D8-7658-46FA-A399-4133F2D6928E}.Debug|Any CPU.Build.0 = Debug|Any CPU
		{B55183D8-7658-46FA-A399-4133F2D6928E}.Release|Any CPU.ActiveCfg = Release|Any CPU
		{B55183D8-7658-46FA-A399-4133F2D6928E}.Release|Any CPU.Build.0 = Release|Any CPU
	EndGlobalSection
	GlobalSection(SolutionProperties) = preSolution
		HideSolutionNode = FALSE
	EndGlobalSection
	GlobalSection(ExtensibilityGlobals) = postSolution
		SolutionGuid = {8A489EA2-214F-4DE4-BD3A-F76C79580681}
	EndGlobalSection
EndGlobal
